// !$*UTF8*$!
{
	archiveVersion = 1;
	classes = {
	};
	objectVersion = 50;
	objects = {

/* Begin PBXBuildFile section */
		C84D09DA20F7A20D00E3903F /* PullUp.swift in Sources */ = {isa = PBXBuildFile; fileRef = C84D09D920F7A20D00E3903F /* PullUp.swift */; };
		C84D09DC20F7A67900E3903F /* TimerCollectionViewCell.swift in Sources */ = {isa = PBXBuildFile; fileRef = C84D09DB20F7A67900E3903F /* TimerCollectionViewCell.swift */; };
		C84D09DE20F7A89700E3903F /* UserTimer.swift in Sources */ = {isa = PBXBuildFile; fileRef = C84D09DD20F7A89700E3903F /* UserTimer.swift */; };
		C84D09E020F7A8AC00E3903F /* TimerStore.swift in Sources */ = {isa = PBXBuildFile; fileRef = C84D09DF20F7A8AC00E3903F /* TimerStore.swift */; };
		C84D9E0520F6492C00CD7987 /* TimerNode.swift in Sources */ = {isa = PBXBuildFile; fileRef = C84D9E0420F6492C00CD7987 /* TimerNode.swift */; };
		C86F321A20F7A0E9006706D0 /* PullUpController.swift in Sources */ = {isa = PBXBuildFile; fileRef = C86F321920F7A0E9006706D0 /* PullUpController.swift */; };
		C894521A20F619E100F8D7A0 /* AppDelegate.swift in Sources */ = {isa = PBXBuildFile; fileRef = C894521920F619E100F8D7A0 /* AppDelegate.swift */; };
		C894521C20F619E100F8D7A0 /* art.scnassets in Resources */ = {isa = PBXBuildFile; fileRef = C894521B20F619E100F8D7A0 /* art.scnassets */; };
		C894521E20F619E100F8D7A0 /* ViewController.swift in Sources */ = {isa = PBXBuildFile; fileRef = C894521D20F619E100F8D7A0 /* ViewController.swift */; };
		C894522120F619E100F8D7A0 /* Main.storyboard in Resources */ = {isa = PBXBuildFile; fileRef = C894521F20F619E100F8D7A0 /* Main.storyboard */; };
		C894522320F619E300F8D7A0 /* Assets.xcassets in Resources */ = {isa = PBXBuildFile; fileRef = C894522220F619E300F8D7A0 /* Assets.xcassets */; };
		C894522620F619E300F8D7A0 /* LaunchScreen.storyboard in Resources */ = {isa = PBXBuildFile; fileRef = C894522420F619E300F8D7A0 /* LaunchScreen.storyboard */; };
		C897F02520F8A6EB00D154BC /* TimerPulleyViewController.swift in Sources */ = {isa = PBXBuildFile; fileRef = C897F02420F8A6EB00D154BC /* TimerPulleyViewController.swift */; };
		C8D92B2F20F8E5E100FCA472 /* TimerCollectionViewLayout.swift in Sources */ = {isa = PBXBuildFile; fileRef = C8D92B2E20F8E5E100FCA472 /* TimerCollectionViewLayout.swift */; };
		F6619636BC5059642D13B306 /* Pods_timer.framework in Frameworks */ = {isa = PBXBuildFile; fileRef = BF927918E7125F8243D02781 /* Pods_timer.framework */; };
/* End PBXBuildFile section */

/* Begin PBXFileReference section */
		1F7A8CE3201B281041D3262D /* Pods-timer.release.xcconfig */ = {isa = PBXFileReference; includeInIndex = 1; lastKnownFileType = text.xcconfig; name = "Pods-timer.release.xcconfig"; path = "Pods/Target Support Files/Pods-timer/Pods-timer.release.xcconfig"; sourceTree = "<group>"; };
		BF927918E7125F8243D02781 /* Pods_timer.framework */ = {isa = PBXFileReference; explicitFileType = wrapper.framework; includeInIndex = 0; path = Pods_timer.framework; sourceTree = BUILT_PRODUCTS_DIR; };
		C84D09D920F7A20D00E3903F /* PullUp.swift */ = {isa = PBXFileReference; lastKnownFileType = sourcecode.swift; path = PullUp.swift; sourceTree = "<group>"; };
		C84D09DB20F7A67900E3903F /* TimerCollectionViewCell.swift */ = {isa = PBXFileReference; lastKnownFileType = sourcecode.swift; path = TimerCollectionViewCell.swift; sourceTree = "<group>"; };
		C84D09DD20F7A89700E3903F /* UserTimer.swift */ = {isa = PBXFileReference; lastKnownFileType = sourcecode.swift; path = UserTimer.swift; sourceTree = "<group>"; };
		C84D09DF20F7A8AC00E3903F /* TimerStore.swift */ = {isa = PBXFileReference; lastKnownFileType = sourcecode.swift; path = TimerStore.swift; sourceTree = "<group>"; };
		C84D9E0420F6492C00CD7987 /* TimerNode.swift */ = {isa = PBXFileReference; lastKnownFileType = sourcecode.swift; path = TimerNode.swift; sourceTree = "<group>"; };
		C84D9E0620F64D0900CD7987 /* MyPlayground.playground */ = {isa = PBXFileReference; lastKnownFileType = file.playground; path = MyPlayground.playground; sourceTree = "<group>"; xcLanguageSpecificationIdentifier = xcode.lang.swift; };
		C86F321920F7A0E9006706D0 /* PullUpController.swift */ = {isa = PBXFileReference; lastKnownFileType = sourcecode.swift; path = PullUpController.swift; sourceTree = "<group>"; };
		C894521620F619E100F8D7A0 /* timer.app */ = {isa = PBXFileReference; explicitFileType = wrapper.application; includeInIndex = 0; path = timer.app; sourceTree = BUILT_PRODUCTS_DIR; };
		C894521920F619E100F8D7A0 /* AppDelegate.swift */ = {isa = PBXFileReference; lastKnownFileType = sourcecode.swift; path = AppDelegate.swift; sourceTree = "<group>"; };
		C894521B20F619E100F8D7A0 /* art.scnassets */ = {isa = PBXFileReference; lastKnownFileType = wrapper.scnassets; path = art.scnassets; sourceTree = "<group>"; };
		C894521D20F619E100F8D7A0 /* ViewController.swift */ = {isa = PBXFileReference; lastKnownFileType = sourcecode.swift; path = ViewController.swift; sourceTree = "<group>"; };
		C894522020F619E100F8D7A0 /* Base */ = {isa = PBXFileReference; lastKnownFileType = file.storyboard; name = Base; path = Base.lproj/Main.storyboard; sourceTree = "<group>"; };
		C894522220F619E300F8D7A0 /* Assets.xcassets */ = {isa = PBXFileReference; lastKnownFileType = folder.assetcatalog; path = Assets.xcassets; sourceTree = "<group>"; };
		C894522520F619E300F8D7A0 /* Base */ = {isa = PBXFileReference; lastKnownFileType = file.storyboard; name = Base; path = Base.lproj/LaunchScreen.storyboard; sourceTree = "<group>"; };
		C894522720F619E300F8D7A0 /* Info.plist */ = {isa = PBXFileReference; lastKnownFileType = text.plist.xml; path = Info.plist; sourceTree = "<group>"; };
		C897F02420F8A6EB00D154BC /* TimerPulleyViewController.swift */ = {isa = PBXFileReference; lastKnownFileType = sourcecode.swift; path = TimerPulleyViewController.swift; sourceTree = "<group>"; };
		C8D92B2E20F8E5E100FCA472 /* TimerCollectionViewLayout.swift */ = {isa = PBXFileReference; lastKnownFileType = sourcecode.swift; path = TimerCollectionViewLayout.swift; sourceTree = "<group>"; };
		D432E5A276F5F75E27606DDD /* Pods-timer.debug.xcconfig */ = {isa = PBXFileReference; includeInIndex = 1; lastKnownFileType = text.xcconfig; name = "Pods-timer.debug.xcconfig"; path = "Pods/Target Support Files/Pods-timer/Pods-timer.debug.xcconfig"; sourceTree = "<group>"; };
/* End PBXFileReference section */

/* Begin PBXFrameworksBuildPhase section */
		C894521320F619E100F8D7A0 /* Frameworks */ = {
			isa = PBXFrameworksBuildPhase;
			buildActionMask = 2147483647;
			files = (
				F6619636BC5059642D13B306 /* Pods_timer.framework in Frameworks */,
			);
			runOnlyForDeploymentPostprocessing = 0;
		};
/* End PBXFrameworksBuildPhase section */

/* Begin PBXGroup section */
		3DBBBF88CC1E3F95D94193CE /* Pods */ = {
			isa = PBXGroup;
			children = (
				D432E5A276F5F75E27606DDD /* Pods-timer.debug.xcconfig */,
				1F7A8CE3201B281041D3262D /* Pods-timer.release.xcconfig */,
			);
			name = Pods;
			sourceTree = "<group>";
		};
		C894520D20F619E100F8D7A0 = {
			isa = PBXGroup;
			children = (
				C894521820F619E100F8D7A0 /* timer */,
				C894521720F619E100F8D7A0 /* Products */,
				3DBBBF88CC1E3F95D94193CE /* Pods */,
				DC80088120DECAB3CFB4A5D5 /* Frameworks */,
			);
			sourceTree = "<group>";
		};
		C894521720F619E100F8D7A0 /* Products */ = {
			isa = PBXGroup;
			children = (
				C894521620F619E100F8D7A0 /* timer.app */,
			);
			name = Products;
			sourceTree = "<group>";
		};
		C894521820F619E100F8D7A0 /* timer */ = {
			isa = PBXGroup;
			children = (
				C894521920F619E100F8D7A0 /* AppDelegate.swift */,
				C84D09DF20F7A8AC00E3903F /* TimerStore.swift */,
				C894521B20F619E100F8D7A0 /* art.scnassets */,
				C894521D20F619E100F8D7A0 /* ViewController.swift */,
				C894521F20F619E100F8D7A0 /* Main.storyboard */,
				C84D09DB20F7A67900E3903F /* TimerCollectionViewCell.swift */,
				C894522220F619E300F8D7A0 /* Assets.xcassets */,
				C894522420F619E300F8D7A0 /* LaunchScreen.storyboard */,
				C894522720F619E300F8D7A0 /* Info.plist */,
				C84D9E0420F6492C00CD7987 /* TimerNode.swift */,
				C86F321920F7A0E9006706D0 /* PullUpController.swift */,
				C84D9E0620F64D0900CD7987 /* MyPlayground.playground */,
				C84D09D920F7A20D00E3903F /* PullUp.swift */,
				C84D09DD20F7A89700E3903F /* UserTimer.swift */,
				C897F02420F8A6EB00D154BC /* TimerPulleyViewController.swift */,
				C8D92B2E20F8E5E100FCA472 /* TimerCollectionViewLayout.swift */,
			);
			path = timer;
			sourceTree = "<group>";
		};
		DC80088120DECAB3CFB4A5D5 /* Frameworks */ = {
			isa = PBXGroup;
			children = (
				BF927918E7125F8243D02781 /* Pods_timer.framework */,
			);
			name = Frameworks;
			sourceTree = "<group>";
		};
/* End PBXGroup section */

/* Begin PBXNativeTarget section */
		C894521520F619E100F8D7A0 /* timer */ = {
			isa = PBXNativeTarget;
			buildConfigurationList = C894522A20F619E300F8D7A0 /* Build configuration list for PBXNativeTarget "timer" */;
			buildPhases = (
				1C9ED3E0ED9C3E7759AAAD89 /* [CP] Check Pods Manifest.lock */,
				C894521220F619E100F8D7A0 /* Sources */,
				C894521320F619E100F8D7A0 /* Frameworks */,
				C894521420F619E100F8D7A0 /* Resources */,
				C363E14C795955B7FB193AA4 /* [CP] Embed Pods Frameworks */,
			);
			buildRules = (
			);
			dependencies = (
			);
			name = timer;
			productName = timer;
			productReference = C894521620F619E100F8D7A0 /* timer.app */;
			productType = "com.apple.product-type.application";
		};
/* End PBXNativeTarget section */

/* Begin PBXProject section */
		C894520E20F619E100F8D7A0 /* Project object */ = {
			isa = PBXProject;
			attributes = {
				LastSwiftUpdateCheck = 1000;
				LastUpgradeCheck = 1000;
				ORGANIZATIONNAME = "Morten Just Petersen";
				TargetAttributes = {
					C894521520F619E100F8D7A0 = {
						CreatedOnToolsVersion = 10.0;
					};
				};
			};
			buildConfigurationList = C894521120F619E100F8D7A0 /* Build configuration list for PBXProject "timer" */;
			compatibilityVersion = "Xcode 9.3";
			developmentRegion = en;
			hasScannedForEncodings = 0;
			knownRegions = (
				en,
				Base,
			);
			mainGroup = C894520D20F619E100F8D7A0;
			productRefGroup = C894521720F619E100F8D7A0 /* Products */;
			projectDirPath = "";
			projectRoot = "";
			targets = (
				C894521520F619E100F8D7A0 /* timer */,
			);
		};
/* End PBXProject section */

/* Begin PBXResourcesBuildPhase section */
		C894521420F619E100F8D7A0 /* Resources */ = {
			isa = PBXResourcesBuildPhase;
			buildActionMask = 2147483647;
			files = (
				C894521C20F619E100F8D7A0 /* art.scnassets in Resources */,
				C894522620F619E300F8D7A0 /* LaunchScreen.storyboard in Resources */,
				C894522320F619E300F8D7A0 /* Assets.xcassets in Resources */,
				C894522120F619E100F8D7A0 /* Main.storyboard in Resources */,
			);
			runOnlyForDeploymentPostprocessing = 0;
		};
/* End PBXResourcesBuildPhase section */

/* Begin PBXShellScriptBuildPhase section */
		1C9ED3E0ED9C3E7759AAAD89 /* [CP] Check Pods Manifest.lock */ = {
			isa = PBXShellScriptBuildPhase;
			buildActionMask = 2147483647;
			files = (
			);
			inputPaths = (
				"${PODS_PODFILE_DIR_PATH}/Podfile.lock",
				"${PODS_ROOT}/Manifest.lock",
			);
			name = "[CP] Check Pods Manifest.lock";
			outputPaths = (
				"$(DERIVED_FILE_DIR)/Pods-timer-checkManifestLockResult.txt",
			);
			runOnlyForDeploymentPostprocessing = 0;
			shellPath = /bin/sh;
			shellScript = "diff \"${PODS_PODFILE_DIR_PATH}/Podfile.lock\" \"${PODS_ROOT}/Manifest.lock\" > /dev/null\nif [ $? != 0 ] ; then\n    # print error to STDERR\n    echo \"error: The sandbox is not in sync with the Podfile.lock. Run 'pod install' or update your CocoaPods installation.\" >&2\n    exit 1\nfi\n# This output is used by Xcode 'outputs' to avoid re-running this script phase.\necho \"SUCCESS\" > \"${SCRIPT_OUTPUT_FILE_0}\"\n";
			showEnvVarsInLog = 0;
		};
		C363E14C795955B7FB193AA4 /* [CP] Embed Pods Frameworks */ = {
			isa = PBXShellScriptBuildPhase;
			buildActionMask = 2147483647;
			files = (
			);
			inputPaths = (
				"${SRCROOT}/Pods/Target Support Files/Pods-timer/Pods-timer-frameworks.sh",
				"${BUILT_PRODUCTS_DIR}/Pulley/Pulley.framework",
			);
			name = "[CP] Embed Pods Frameworks";
			outputPaths = (
				"${TARGET_BUILD_DIR}/${FRAMEWORKS_FOLDER_PATH}/Pulley.framework",
			);
			runOnlyForDeploymentPostprocessing = 0;
			shellPath = /bin/sh;
			shellScript = "\"${SRCROOT}/Pods/Target Support Files/Pods-timer/Pods-timer-frameworks.sh\"\n";
			showEnvVarsInLog = 0;
		};
/* End PBXShellScriptBuildPhase section */

/* Begin PBXSourcesBuildPhase section */
		C894521220F619E100F8D7A0 /* Sources */ = {
			isa = PBXSourcesBuildPhase;
			buildActionMask = 2147483647;
			files = (
				C8D92B2F20F8E5E100FCA472 /* TimerCollectionViewLayout.swift in Sources */,
				C84D9E0520F6492C00CD7987 /* TimerNode.swift in Sources */,
				C84D09E020F7A8AC00E3903F /* TimerStore.swift in Sources */,
				C84D09DE20F7A89700E3903F /* UserTimer.swift in Sources */,
				C84D09DA20F7A20D00E3903F /* PullUp.swift in Sources */,
				C897F02520F8A6EB00D154BC /* TimerPulleyViewController.swift in Sources */,
				C894521E20F619E100F8D7A0 /* ViewController.swift in Sources */,
				C894521A20F619E100F8D7A0 /* AppDelegate.swift in Sources */,
				C84D09DC20F7A67900E3903F /* TimerCollectionViewCell.swift in Sources */,
				C86F321A20F7A0E9006706D0 /* PullUpController.swift in Sources */,
			);
			runOnlyForDeploymentPostprocessing = 0;
		};
/* End PBXSourcesBuildPhase section */

/* Begin PBXVariantGroup section */
		C894521F20F619E100F8D7A0 /* Main.storyboard */ = {
			isa = PBXVariantGroup;
			children = (
				C894522020F619E100F8D7A0 /* Base */,
			);
			name = Main.storyboard;
			sourceTree = "<group>";
		};
		C894522420F619E300F8D7A0 /* LaunchScreen.storyboard */ = {
			isa = PBXVariantGroup;
			children = (
				C894522520F619E300F8D7A0 /* Base */,
			);
			name = LaunchScreen.storyboard;
			sourceTree = "<group>";
		};
/* End PBXVariantGroup section */

/* Begin XCBuildConfiguration section */
		C894522820F619E300F8D7A0 /* Debug */ = {
			isa = XCBuildConfiguration;
			buildSettings = {
				ALWAYS_SEARCH_USER_PATHS = NO;
				CLANG_ANALYZER_NONNULL = YES;
				CLANG_ANALYZER_NUMBER_OBJECT_CONVERSION = YES_AGGRESSIVE;
				CLANG_CXX_LANGUAGE_STANDARD = "gnu++14";
				CLANG_CXX_LIBRARY = "libc++";
				CLANG_ENABLE_MODULES = YES;
				CLANG_ENABLE_OBJC_ARC = YES;
				CLANG_ENABLE_OBJC_WEAK = YES;
				CLANG_WARN_BLOCK_CAPTURE_AUTORELEASING = YES;
				CLANG_WARN_BOOL_CONVERSION = YES;
				CLANG_WARN_COMMA = YES;
				CLANG_WARN_CONSTANT_CONVERSION = YES;
				CLANG_WARN_DEPRECATED_OBJC_IMPLEMENTATIONS = YES;
				CLANG_WARN_DIRECT_OBJC_ISA_USAGE = YES_ERROR;
				CLANG_WARN_DOCUMENTATION_COMMENTS = YES;
				CLANG_WARN_EMPTY_BODY = YES;
				CLANG_WARN_ENUM_CONVERSION = YES;
				CLANG_WARN_INFINITE_RECURSION = YES;
				CLANG_WARN_INT_CONVERSION = YES;
				CLANG_WARN_NON_LITERAL_NULL_CONVERSION = YES;
				CLANG_WARN_OBJC_IMPLICIT_RETAIN_SELF = YES;
				CLANG_WARN_OBJC_LITERAL_CONVERSION = YES;
				CLANG_WARN_OBJC_ROOT_CLASS = YES_ERROR;
				CLANG_WARN_RANGE_LOOP_ANALYSIS = YES;
				CLANG_WARN_STRICT_PROTOTYPES = YES;
				CLANG_WARN_SUSPICIOUS_MOVE = YES;
				CLANG_WARN_UNGUARDED_AVAILABILITY = YES_AGGRESSIVE;
				CLANG_WARN_UNREACHABLE_CODE = YES;
				CLANG_WARN__DUPLICATE_METHOD_MATCH = YES;
				CODE_SIGN_IDENTITY = "iPhone Developer";
				COPY_PHASE_STRIP = NO;
				DEBUG_INFORMATION_FORMAT = dwarf;
				ENABLE_STRICT_OBJC_MSGSEND = YES;
				ENABLE_TESTABILITY = YES;
				GCC_C_LANGUAGE_STANDARD = gnu11;
				GCC_DYNAMIC_NO_PIC = NO;
				GCC_NO_COMMON_BLOCKS = YES;
				GCC_OPTIMIZATION_LEVEL = 0;
				GCC_PREPROCESSOR_DEFINITIONS = (
					"DEBUG=1",
					"$(inherited)",
				);
				GCC_WARN_64_TO_32_BIT_CONVERSION = YES;
				GCC_WARN_ABOUT_RETURN_TYPE = YES_ERROR;
				GCC_WARN_UNDECLARED_SELECTOR = YES;
				GCC_WARN_UNINITIALIZED_AUTOS = YES_AGGRESSIVE;
				GCC_WARN_UNUSED_FUNCTION = YES;
				GCC_WARN_UNUSED_VARIABLE = YES;
				IPHONEOS_DEPLOYMENT_TARGET = 12.0;
				MTL_ENABLE_DEBUG_INFO = INCLUDE_SOURCE;
				ONLY_ACTIVE_ARCH = YES;
				SDKROOT = iphoneos;
				SWIFT_ACTIVE_COMPILATION_CONDITIONS = DEBUG;
				SWIFT_OPTIMIZATION_LEVEL = "-Onone";
			};
			name = Debug;
		};
		C894522920F619E300F8D7A0 /* Release */ = {
			isa = XCBuildConfiguration;
			buildSettings = {
				ALWAYS_SEARCH_USER_PATHS = NO;
				CLANG_ANALYZER_NONNULL = YES;
				CLANG_ANALYZER_NUMBER_OBJECT_CONVERSION = YES_AGGRESSIVE;
				CLANG_CXX_LANGUAGE_STANDARD = "gnu++14";
				CLANG_CXX_LIBRARY = "libc++";
				CLANG_ENABLE_MODULES = YES;
				CLANG_ENABLE_OBJC_ARC = YES;
				CLANG_ENABLE_OBJC_WEAK = YES;
				CLANG_WARN_BLOCK_CAPTURE_AUTORELEASING = YES;
				CLANG_WARN_BOOL_CONVERSION = YES;
				CLANG_WARN_COMMA = YES;
				CLANG_WARN_CONSTANT_CONVERSION = YES;
				CLANG_WARN_DEPRECATED_OBJC_IMPLEMENTATIONS = YES;
				CLANG_WARN_DIRECT_OBJC_ISA_USAGE = YES_ERROR;
				CLANG_WARN_DOCUMENTATION_COMMENTS = YES;
				CLANG_WARN_EMPTY_BODY = YES;
				CLANG_WARN_ENUM_CONVERSION = YES;
				CLANG_WARN_INFINITE_RECURSION = YES;
				CLANG_WARN_INT_CONVERSION = YES;
				CLANG_WARN_NON_LITERAL_NULL_CONVERSION = YES;
				CLANG_WARN_OBJC_IMPLICIT_RETAIN_SELF = YES;
				CLANG_WARN_OBJC_LITERAL_CONVERSION = YES;
				CLANG_WARN_OBJC_ROOT_CLASS = YES_ERROR;
				CLANG_WARN_RANGE_LOOP_ANALYSIS = YES;
				CLANG_WARN_STRICT_PROTOTYPES = YES;
				CLANG_WARN_SUSPICIOUS_MOVE = YES;
				CLANG_WARN_UNGUARDED_AVAILABILITY = YES_AGGRESSIVE;
				CLANG_WARN_UNREACHABLE_CODE = YES;
				CLANG_WARN__DUPLICATE_METHOD_MATCH = YES;
				CODE_SIGN_IDENTITY = "iPhone Developer";
				COPY_PHASE_STRIP = NO;
				DEBUG_INFORMATION_FORMAT = "dwarf-with-dsym";
				ENABLE_NS_ASSERTIONS = NO;
				ENABLE_STRICT_OBJC_MSGSEND = YES;
				GCC_C_LANGUAGE_STANDARD = gnu11;
				GCC_NO_COMMON_BLOCKS = YES;
				GCC_WARN_64_TO_32_BIT_CONVERSION = YES;
				GCC_WARN_ABOUT_RETURN_TYPE = YES_ERROR;
				GCC_WARN_UNDECLARED_SELECTOR = YES;
				GCC_WARN_UNINITIALIZED_AUTOS = YES_AGGRESSIVE;
				GCC_WARN_UNUSED_FUNCTION = YES;
				GCC_WARN_UNUSED_VARIABLE = YES;
				IPHONEOS_DEPLOYMENT_TARGET = 12.0;
				MTL_ENABLE_DEBUG_INFO = NO;
				SDKROOT = iphoneos;
				SWIFT_COMPILATION_MODE = wholemodule;
				SWIFT_OPTIMIZATION_LEVEL = "-O";
				VALIDATE_PRODUCT = YES;
			};
			name = Release;
		};
		C894522B20F619E300F8D7A0 /* Debug */ = {
			isa = XCBuildConfiguration;
			baseConfigurationReference = D432E5A276F5F75E27606DDD /* Pods-timer.debug.xcconfig */;
			buildSettings = {
				ASSETCATALOG_COMPILER_APPICON_NAME = AppIcon;
				CODE_SIGN_STYLE = Automatic;
				DEVELOPMENT_TEAM = UDGLB23X37;
				INFOPLIST_FILE = timer/Info.plist;
				IPHONEOS_DEPLOYMENT_TARGET = 11.3;
				LD_RUNPATH_SEARCH_PATHS = (
					"$(inherited)",
					"@executable_path/Frameworks",
				);
				PRODUCT_BUNDLE_IDENTIFIER = com.mortenjust.timer;
				PRODUCT_NAME = "$(TARGET_NAME)";
				SWIFT_VERSION = 4.2;
				TARGETED_DEVICE_FAMILY = "1,2";
			};
			name = Debug;
		};
		C894522C20F619E300F8D7A0 /* Release */ = {
			isa = XCBuildConfiguration;
			baseConfigurationReference = 1F7A8CE3201B281041D3262D /* Pods-timer.release.xcconfig */;
			buildSettings = {
				ASSETCATALOG_COMPILER_APPICON_NAME = AppIcon;
				CODE_SIGN_STYLE = Automatic;
				DEVELOPMENT_TEAM = UDGLB23X37;
				INFOPLIST_FILE = timer/Info.plist;
				IPHONEOS_DEPLOYMENT_TARGET = 11.3;
				LD_RUNPATH_SEARCH_PATHS = (
					"$(inherited)",
					"@executable_path/Frameworks",
				);
				PRODUCT_BUNDLE_IDENTIFIER = com.mortenjust.timer;
				PRODUCT_NAME = "$(TARGET_NAME)";
				SWIFT_VERSION = 4.2;
				TARGETED_DEVICE_FAMILY = "1,2";
			};
			name = Release;
		};
/* End XCBuildConfiguration section */

/* Begin XCConfigurationList section */
		C894521120F619E100F8D7A0 /* Build configuration list for PBXProject "timer" */ = {
			isa = XCConfigurationList;
			buildConfigurations = (
				C894522820F619E300F8D7A0 /* Debug */,
				C894522920F619E300F8D7A0 /* Release */,
			);
			defaultConfigurationIsVisible = 0;
			defaultConfigurationName = Release;
		};
		C894522A20F619E300F8D7A0 /* Build configuration list for PBXNativeTarget "timer" */ = {
			isa = XCConfigurationList;
			buildConfigurations = (
				C894522B20F619E300F8D7A0 /* Debug */,
				C894522C20F619E300F8D7A0 /* Release */,
			);
			defaultConfigurationIsVisible = 0;
			defaultConfigurationName = Release;
		};
/* End XCConfigurationList section */
	};
	rootObject = C894520E20F619E100F8D7A0 /* Project object */;
}
